
Microsoft Visual Studio Solution File, Format Version 12.00
# Visual Studio Version 17
VisualStudioVersion = 17.11.35327.3
MinimumVisualStudioVersion = 10.0.40219.1
Project("{FAE04EC0-301F-11D3-BF4B-00C04F79EFBC}") = "inputdb", "inputdb\inputdb.csproj", "{B8271CAD-3354-4229-B429-87824497ADCD}"
EndProject
Global
	GlobalSection(SolutionConfigurationPlatforms) = preSolution
		Debug|Any CPU = Debug|Any CPU
		Release|Any CPU = Release|Any CPU
	EndGlobalSection
	GlobalSection(ProjectConfigurationPlatforms) = postSolution
		{B8271CAD-3354-4229-B429-87824497ADCD}.Debug|Any CPU.ActiveCfg = Debug|Any CPU
		{B8271CAD-3354-4229-B429-87824497ADCD}.Debug|Any CPU.Build.0 = Debug|Any CPU
		{B8271CAD-3354-4229-B429-87824497ADCD}.Release|Any CPU.ActiveCfg = Release|Any CPU
		{B8271CAD-3354-4229-B429-87824497ADCD}.Release|Any CPU.Build.0 = Release|Any CPU
	EndGlobalSection
	GlobalSection(SolutionProperties) = preSolution
		HideSolutionNode = FALSE
	EndGlobalSection
	GlobalSection(ExtensibilityGlobals) = postSolution
		SolutionGuid = {C6DBF648-2BAD-4809-86B9-3DFD26640516}
	EndGlobalSection
EndGlobal
